
Microsoft Visual Studio Solution File, Format Version 12.00
# Visual Studio Version 17
VisualStudioVersion = 17.0.32014.148
MinimumVisualStudioVersion = 10.0.40219.1
Project("{50d06f26-28d3-4677-9734-52db0d7ba9ff}") = "Berger.Extensions.Html", "Berger.Extensions.Html\Berger.Extensions.Html.csproj", "{70f49aa2-c7a1-40fe-9746-2689cf833236}"
EndProject
Global
	GlobalSection(SolutionConfigurationPlatforms) = preSolution
		Debug|Any CPU = Debug|Any CPU
		Release|Any CPU = Release|Any CPU
	EndGlobalSection
	GlobalSection(ProjectConfigurationPlatforms) = postSolution
		{70f49aa2-c7a1-40fe-9746-2689cf833236}.Debug|Any CPU.ActiveCfg = Debug|Any CPU
		{70f49aa2-c7a1-40fe-9746-2689cf833236}.Debug|Any CPU.Build.0 = Debug|Any CPU
		{70f49aa2-c7a1-40fe-9746-2689cf833236}.Release|Any CPU.ActiveCfg = Release|Any CPU
		{70f49aa2-c7a1-40fe-9746-2689cf833236}.Release|Any CPU.Build.0 = Release|Any CPU
	EndGlobalSection
	GlobalSection(SolutionProperties) = preSolution
		HideSolutionNode = FALSE
	EndGlobalSection
	GlobalSection(ExtensibilityGlobals) = postSolution
		SolutionGuid = {4961BE93-F316-4B63-8144-768113F9C617}
	EndGlobalSection
EndGlobal